
Microsoft Visual Studio Solution File, Format Version 12.00
# Visual Studio Version 17
VisualStudioVersion = 17.14.36705.20
MinimumVisualStudioVersion = 10.0.40219.1
Project("{FAE04EC0-301F-11D3-BF4B-00C04F79EFBC}") = "MyJournalProject", "MyJournalProject.csproj", "{3AD0BEE5-86E7-4B3E-92F5-5CC1195A734D}"
EndProject
Global
	GlobalSection(SolutionConfigurationPlatforms) = preSolution
		Debug|Any CPU = Debug|Any CPU
		Release|Any CPU = Release|Any CPU
	EndGlobalSection
	GlobalSection(ProjectConfigurationPlatforms) = postSolution
		{3AD0BEE5-86E7-4B3E-92F5-5CC1195A734D}.Debug|Any CPU.ActiveCfg = Debug|Any CPU
		{3AD0BEE5-86E7-4B3E-92F5-5CC1195A734D}.Debug|Any CPU.Build.0 = Debug|Any CPU
		{3AD0BEE5-86E7-4B3E-92F5-5CC1195A734D}.Debug|Any CPU.Deploy.0 = Debug|Any CPU
		{3AD0BEE5-86E7-4B3E-92F5-5CC1195A734D}.Release|Any CPU.ActiveCfg = Release|Any CPU
		{3AD0BEE5-86E7-4B3E-92F5-5CC1195A734D}.Release|Any CPU.Build.0 = Release|Any CPU
	EndGlobalSection
	GlobalSection(SolutionProperties) = preSolution
		HideSolutionNode = FALSE
	EndGlobalSection
	GlobalSection(ExtensibilityGlobals) = postSolution
		SolutionGuid = {B747A422-2166-4DB2-83C9-D3F190BBC150}
	EndGlobalSection
EndGlobal
